
Microsoft Visual Studio Solution File, Format Version 12.00
# Visual Studio Version 17
VisualStudioVersion = 17.6.33829.357
MinimumVisualStudioVersion = 10.0.40219.1
Project("{FAE04EC0-301F-11D3-BF4B-00C04F79EFBC}") = "ExtensionMethods", "ExtensionMethods\ExtensionMethods.csproj", "{12878F61-1F88-44F3-B8B6-913DA6601B9B}"
EndProject
Global
	GlobalSection(SolutionConfigurationPlatforms) = preSolution
		Debug|Any CPU = Debug|Any CPU
		Release|Any CPU = Release|Any CPU
	EndGlobalSection
	GlobalSection(ProjectConfigurationPlatforms) = postSolution
		{12878F61-1F88-44F3-B8B6-913DA6601B9B}.Debug|Any CPU.ActiveCfg = Debug|Any CPU
		{12878F61-1F88-44F3-B8B6-913DA6601B9B}.Debug|Any CPU.Build.0 = Debug|Any CPU
		{12878F61-1F88-44F3-B8B6-913DA6601B9B}.Release|Any CPU.ActiveCfg = Release|Any CPU
		{12878F61-1F88-44F3-B8B6-913DA6601B9B}.Release|Any CPU.Build.0 = Release|Any CPU
	EndGlobalSection
	GlobalSection(SolutionProperties) = preSolution
		HideSolutionNode = FALSE
	EndGlobalSection
	GlobalSection(ExtensibilityGlobals) = postSolution
		SolutionGuid = {F82E1AA6-8A5A-48DD-A3C1-02B7759FAA6C}
	EndGlobalSection
EndGlobal
