
Microsoft Visual Studio Solution File, Format Version 12.00
# Visual Studio Version 17
VisualStudioVersion = 17.8.34322.80
MinimumVisualStudioVersion = 10.0.40219.1
Project("{9A19103F-16F7-4668-BE54-9A1E7A4F7556}") = "ThreadingNamespace", "ThreadingNamespace\ThreadingNamespace.csproj", "{DCE72966-188B-43CD-BE0B-B8545445A126}"
EndProject
Project("{9A19103F-16F7-4668-BE54-9A1E7A4F7556}") = "SimpleMultiThreadApp", "SimpleMultiThreadApp\SimpleMultiThreadApp.csproj", "{291FCFA8-CC30-4A8D-AA79-43EEF69F17F0}"
EndProject
Project("{FAE04EC0-301F-11D3-BF4B-00C04F79EFBC}") = "IssueOfConcurrency", "IssueOfConcurrency\IssueOfConcurrency.csproj", "{B0A88311-49F5-4211-B25D-8C9B8C3CE5CC}"
EndProject
Global
	GlobalSection(SolutionConfigurationPlatforms) = preSolution
		Debug|Any CPU = Debug|Any CPU
		Release|Any CPU = Release|Any CPU
	EndGlobalSection
	GlobalSection(ProjectConfigurationPlatforms) = postSolution
		{DCE72966-188B-43CD-BE0B-B8545445A126}.Debug|Any CPU.ActiveCfg = Debug|Any CPU
		{DCE72966-188B-43CD-BE0B-B8545445A126}.Debug|Any CPU.Build.0 = Debug|Any CPU
		{DCE72966-188B-43CD-BE0B-B8545445A126}.Release|Any CPU.ActiveCfg = Release|Any CPU
		{DCE72966-188B-43CD-BE0B-B8545445A126}.Release|Any CPU.Build.0 = Release|Any CPU
		{291FCFA8-CC30-4A8D-AA79-43EEF69F17F0}.Debug|Any CPU.ActiveCfg = Debug|Any CPU
		{291FCFA8-CC30-4A8D-AA79-43EEF69F17F0}.Debug|Any CPU.Build.0 = Debug|Any CPU
		{291FCFA8-CC30-4A8D-AA79-43EEF69F17F0}.Release|Any CPU.ActiveCfg = Release|Any CPU
		{291FCFA8-CC30-4A8D-AA79-43EEF69F17F0}.Release|Any CPU.Build.0 = Release|Any CPU
		{B0A88311-49F5-4211-B25D-8C9B8C3CE5CC}.Debug|Any CPU.ActiveCfg = Debug|Any CPU
		{B0A88311-49F5-4211-B25D-8C9B8C3CE5CC}.Debug|Any CPU.Build.0 = Debug|Any CPU
		{B0A88311-49F5-4211-B25D-8C9B8C3CE5CC}.Release|Any CPU.ActiveCfg = Release|Any CPU
		{B0A88311-49F5-4211-B25D-8C9B8C3CE5CC}.Release|Any CPU.Build.0 = Release|Any CPU
	EndGlobalSection
	GlobalSection(SolutionProperties) = preSolution
		HideSolutionNode = FALSE
	EndGlobalSection
	GlobalSection(ExtensibilityGlobals) = postSolution
		SolutionGuid = {9345F262-3DF8-4633-816D-8BEFEE28B2BA}
	EndGlobalSection
EndGlobal
