
Microsoft Visual Studio Solution File, Format Version 12.00
# Visual Studio Version 17
VisualStudioVersion = 17.8.34330.188
MinimumVisualStudioVersion = 10.0.40219.1
Project("{FAE04EC0-301F-11D3-BF4B-00C04F79EFBC}") = "DataParallelismWithForEach", "DataParallelismWithForEach\DataParallelismWithForEach.csproj", "{64674D92-BC83-4914-BA69-77A77D156E1D}"
EndProject
Global
	GlobalSection(SolutionConfigurationPlatforms) = preSolution
		Debug|Any CPU = Debug|Any CPU
		Release|Any CPU = Release|Any CPU
	EndGlobalSection
	GlobalSection(ProjectConfigurationPlatforms) = postSolution
		{64674D92-BC83-4914-BA69-77A77D156E1D}.Debug|Any CPU.ActiveCfg = Debug|Any CPU
		{64674D92-BC83-4914-BA69-77A77D156E1D}.Debug|Any CPU.Build.0 = Debug|Any CPU
		{64674D92-BC83-4914-BA69-77A77D156E1D}.Release|Any CPU.ActiveCfg = Release|Any CPU
		{64674D92-BC83-4914-BA69-77A77D156E1D}.Release|Any CPU.Build.0 = Release|Any CPU
	EndGlobalSection
	GlobalSection(SolutionProperties) = preSolution
		HideSolutionNode = FALSE
	EndGlobalSection
	GlobalSection(ExtensibilityGlobals) = postSolution
		SolutionGuid = {78F57F56-6108-4284-AE10-A444A6E64F03}
	EndGlobalSection
EndGlobal
