
Microsoft Visual Studio Solution File, Format Version 12.00
# Visual Studio Version 17
VisualStudioVersion = 17.13.35919.96 d17.13
MinimumVisualStudioVersion = 10.0.40219.1
Project("{FAE04EC0-301F-11D3-BF4B-00C04F79EFBC}") = "WpfControlsAndAPIs", "WpfControlsAndAPIs\WpfControlsAndAPIs.csproj", "{61EDF260-2425-4EF8-8637-34D2985B43B1}"
EndProject
Global
	GlobalSection(SolutionConfigurationPlatforms) = preSolution
		Debug|Any CPU = Debug|Any CPU
		Release|Any CPU = Release|Any CPU
	EndGlobalSection
	GlobalSection(ProjectConfigurationPlatforms) = postSolution
		{61EDF260-2425-4EF8-8637-34D2985B43B1}.Debug|Any CPU.ActiveCfg = Debug|Any CPU
		{61EDF260-2425-4EF8-8637-34D2985B43B1}.Debug|Any CPU.Build.0 = Debug|Any CPU
		{61EDF260-2425-4EF8-8637-34D2985B43B1}.Release|Any CPU.ActiveCfg = Release|Any CPU
		{61EDF260-2425-4EF8-8637-34D2985B43B1}.Release|Any CPU.Build.0 = Release|Any CPU
	EndGlobalSection
	GlobalSection(SolutionProperties) = preSolution
		HideSolutionNode = FALSE
	EndGlobalSection
	GlobalSection(ExtensibilityGlobals) = postSolution
		SolutionGuid = {836ED769-5EA3-4F7C-99F5-74F95AD1F2FA}
	EndGlobalSection
EndGlobal
