
Microsoft Visual Studio Solution File, Format Version 12.00
# Visual Studio Version 17
VisualStudioVersion = 17.6.33829.357
MinimumVisualStudioVersion = 10.0.40219.1
Project("{FAE04EC0-301F-11D3-BF4B-00C04F79EFBC}") = "Conversions", "Conversions\Conversions.csproj", "{FAA69383-464E-4F2D-8BED-FDA86A016054}"
EndProject
Global
	GlobalSection(SolutionConfigurationPlatforms) = preSolution
		Debug|Any CPU = Debug|Any CPU
		Release|Any CPU = Release|Any CPU
	EndGlobalSection
	GlobalSection(ProjectConfigurationPlatforms) = postSolution
		{FAA69383-464E-4F2D-8BED-FDA86A016054}.Debug|Any CPU.ActiveCfg = Debug|Any CPU
		{FAA69383-464E-4F2D-8BED-FDA86A016054}.Debug|Any CPU.Build.0 = Debug|Any CPU
		{FAA69383-464E-4F2D-8BED-FDA86A016054}.Release|Any CPU.ActiveCfg = Release|Any CPU
		{FAA69383-464E-4F2D-8BED-FDA86A016054}.Release|Any CPU.Build.0 = Release|Any CPU
	EndGlobalSection
	GlobalSection(SolutionProperties) = preSolution
		HideSolutionNode = FALSE
	EndGlobalSection
	GlobalSection(ExtensibilityGlobals) = postSolution
		SolutionGuid = {E44316FA-10D6-4BA8-ABBC-61B0E4FF3579}
	EndGlobalSection
EndGlobal
