
Microsoft Visual Studio Solution File, Format Version 12.00
# Visual Studio Version 17
VisualStudioVersion = 17.5.33414.496
MinimumVisualStudioVersion = 10.0.40219.1
Project("{9A19103F-16F7-4668-BE54-9A1E7A4F7556}") = "SimpleClass", "SimpleClass\SimpleClass.csproj", "{BD070416-56BD-4757-A5CC-0A3433209BE5}"
EndProject
Project("{9A19103F-16F7-4668-BE54-9A1E7A4F7556}") = "Statics", "Statics\Statics.csproj", "{045236D7-4D4B-4738-A805-9CF19DF266DF}"
EndProject
Project("{9A19103F-16F7-4668-BE54-9A1E7A4F7556}") = "AccessModifiers", "AccessModifiers\AccessModifiers.csproj", "{E1324232-F975-40A7-9CBA-11F0126A8D58}"
EndProject
Project("{9A19103F-16F7-4668-BE54-9A1E7A4F7556}") = "Encapsulation", "Encapsulation\Encapsulation.csproj", "{016B82B3-F1E6-4414-B0E0-EC4724893EA3}"
EndProject
Project("{9A19103F-16F7-4668-BE54-9A1E7A4F7556}") = "EmployeeApp", "EmployeeApp\EmployeeApp.csproj", "{19246291-D6DE-4B21-A0B3-486D9B525172}"
EndProject
Project("{9A19103F-16F7-4668-BE54-9A1E7A4F7556}") = "CarApp", "CarApp\CarApp.csproj", "{0DB4767A-15F4-452F-9C59-17FA72041EF9}"
EndProject
Project("{9A19103F-16F7-4668-BE54-9A1E7A4F7556}") = "Initializers", "Initializers\Initializers.csproj", "{0B49A5BE-7664-4807-BEAF-CC19A4465E9B}"
EndProject
Project("{9A19103F-16F7-4668-BE54-9A1E7A4F7556}") = "ConstAndReadOnly", "ConstAndReadOnly\ConstAndReadOnly.csproj", "{EA3BAE31-6B76-4EEF-84F5-24FF770E013E}"
EndProject
Project("{9A19103F-16F7-4668-BE54-9A1E7A4F7556}") = "Partial", "Partial\Partial.csproj", "{B039714B-B1A4-45F8-BF25-0A203A6609DA}"
EndProject
Project("{FAE04EC0-301F-11D3-BF4B-00C04F79EFBC}") = "BasicInheritance", "BasicInheritance\BasicInheritance.csproj", "{60B0D92E-3EBE-4D12-9E85-8196FB47D276}"
EndProject
Global
	GlobalSection(SolutionConfigurationPlatforms) = preSolution
		Debug|Any CPU = Debug|Any CPU
		Release|Any CPU = Release|Any CPU
	EndGlobalSection
	GlobalSection(ProjectConfigurationPlatforms) = postSolution
		{BD070416-56BD-4757-A5CC-0A3433209BE5}.Debug|Any CPU.ActiveCfg = Debug|Any CPU
		{BD070416-56BD-4757-A5CC-0A3433209BE5}.Debug|Any CPU.Build.0 = Debug|Any CPU
		{BD070416-56BD-4757-A5CC-0A3433209BE5}.Release|Any CPU.ActiveCfg = Release|Any CPU
		{BD070416-56BD-4757-A5CC-0A3433209BE5}.Release|Any CPU.Build.0 = Release|Any CPU
		{045236D7-4D4B-4738-A805-9CF19DF266DF}.Debug|Any CPU.ActiveCfg = Debug|Any CPU
		{045236D7-4D4B-4738-A805-9CF19DF266DF}.Debug|Any CPU.Build.0 = Debug|Any CPU
		{045236D7-4D4B-4738-A805-9CF19DF266DF}.Release|Any CPU.ActiveCfg = Release|Any CPU
		{045236D7-4D4B-4738-A805-9CF19DF266DF}.Release|Any CPU.Build.0 = Release|Any CPU
		{E1324232-F975-40A7-9CBA-11F0126A8D58}.Debug|Any CPU.ActiveCfg = Debug|Any CPU
		{E1324232-F975-40A7-9CBA-11F0126A8D58}.Debug|Any CPU.Build.0 = Debug|Any CPU
		{E1324232-F975-40A7-9CBA-11F0126A8D58}.Release|Any CPU.ActiveCfg = Release|Any CPU
		{E1324232-F975-40A7-9CBA-11F0126A8D58}.Release|Any CPU.Build.0 = Release|Any CPU
		{016B82B3-F1E6-4414-B0E0-EC4724893EA3}.Debug|Any CPU.ActiveCfg = Debug|Any CPU
		{016B82B3-F1E6-4414-B0E0-EC4724893EA3}.Debug|Any CPU.Build.0 = Debug|Any CPU
		{016B82B3-F1E6-4414-B0E0-EC4724893EA3}.Release|Any CPU.ActiveCfg = Release|Any CPU
		{016B82B3-F1E6-4414-B0E0-EC4724893EA3}.Release|Any CPU.Build.0 = Release|Any CPU
		{19246291-D6DE-4B21-A0B3-486D9B525172}.Debug|Any CPU.ActiveCfg = Debug|Any CPU
		{19246291-D6DE-4B21-A0B3-486D9B525172}.Debug|Any CPU.Build.0 = Debug|Any CPU
		{19246291-D6DE-4B21-A0B3-486D9B525172}.Release|Any CPU.ActiveCfg = Release|Any CPU
		{19246291-D6DE-4B21-A0B3-486D9B525172}.Release|Any CPU.Build.0 = Release|Any CPU
		{0DB4767A-15F4-452F-9C59-17FA72041EF9}.Debug|Any CPU.ActiveCfg = Debug|Any CPU
		{0DB4767A-15F4-452F-9C59-17FA72041EF9}.Debug|Any CPU.Build.0 = Debug|Any CPU
		{0DB4767A-15F4-452F-9C59-17FA72041EF9}.Release|Any CPU.ActiveCfg = Release|Any CPU
		{0DB4767A-15F4-452F-9C59-17FA72041EF9}.Release|Any CPU.Build.0 = Release|Any CPU
		{0B49A5BE-7664-4807-BEAF-CC19A4465E9B}.Debug|Any CPU.ActiveCfg = Debug|Any CPU
		{0B49A5BE-7664-4807-BEAF-CC19A4465E9B}.Debug|Any CPU.Build.0 = Debug|Any CPU
		{0B49A5BE-7664-4807-BEAF-CC19A4465E9B}.Release|Any CPU.ActiveCfg = Release|Any CPU
		{0B49A5BE-7664-4807-BEAF-CC19A4465E9B}.Release|Any CPU.Build.0 = Release|Any CPU
		{EA3BAE31-6B76-4EEF-84F5-24FF770E013E}.Debug|Any CPU.ActiveCfg = Debug|Any CPU
		{EA3BAE31-6B76-4EEF-84F5-24FF770E013E}.Debug|Any CPU.Build.0 = Debug|Any CPU
		{EA3BAE31-6B76-4EEF-84F5-24FF770E013E}.Release|Any CPU.ActiveCfg = Release|Any CPU
		{EA3BAE31-6B76-4EEF-84F5-24FF770E013E}.Release|Any CPU.Build.0 = Release|Any CPU
		{B039714B-B1A4-45F8-BF25-0A203A6609DA}.Debug|Any CPU.ActiveCfg = Debug|Any CPU
		{B039714B-B1A4-45F8-BF25-0A203A6609DA}.Debug|Any CPU.Build.0 = Debug|Any CPU
		{B039714B-B1A4-45F8-BF25-0A203A6609DA}.Release|Any CPU.ActiveCfg = Release|Any CPU
		{B039714B-B1A4-45F8-BF25-0A203A6609DA}.Release|Any CPU.Build.0 = Release|Any CPU
		{60B0D92E-3EBE-4D12-9E85-8196FB47D276}.Debug|Any CPU.ActiveCfg = Debug|Any CPU
		{60B0D92E-3EBE-4D12-9E85-8196FB47D276}.Debug|Any CPU.Build.0 = Debug|Any CPU
		{60B0D92E-3EBE-4D12-9E85-8196FB47D276}.Release|Any CPU.ActiveCfg = Release|Any CPU
		{60B0D92E-3EBE-4D12-9E85-8196FB47D276}.Release|Any CPU.Build.0 = Release|Any CPU
	EndGlobalSection
	GlobalSection(SolutionProperties) = preSolution
		HideSolutionNode = FALSE
	EndGlobalSection
	GlobalSection(ExtensibilityGlobals) = postSolution
		SolutionGuid = {6591F7D3-3EA5-49E5-B658-BCBC303A611C}
	EndGlobalSection
EndGlobal
