
Microsoft Visual Studio Solution File, Format Version 12.00
# Visual Studio Version 17
VisualStudioVersion = 17.12.35527.113
MinimumVisualStudioVersion = 10.0.40219.1
Project("{FAE04EC0-301F-11D3-BF4B-00C04F79EFBC}") = "SimpleClassExample", "SimpleClassExample\SimpleClassExample.csproj", "{3CB62449-843A-4923-8A56-A9595E8ED82B}"
EndProject
Project("{FAE04EC0-301F-11D3-BF4B-00C04F79EFBC}") = "StaticDataAndMembers", "StaticDataAndMembers\StaticDataAndMembers.csproj", "{D833F91A-6A7C-44FC-9832-05FC30424D20}"
EndProject
Project("{FAE04EC0-301F-11D3-BF4B-00C04F79EFBC}") = "OOPExamples", "OOPExamples\OOPExamples.csproj", "{E33F3020-8914-4DFC-B628-EC8BA064BF58}"
EndProject
Project("{FAE04EC0-301F-11D3-BF4B-00C04F79EFBC}") = "EmployeeApp", "EmployeeApp\EmployeeApp.csproj", "{D6225A42-C7E2-41E2-8371-EBBA59BE7079}"
EndProject
Project("{FAE04EC0-301F-11D3-BF4B-00C04F79EFBC}") = "AutoProps", "AutoProps\AutoProps.csproj", "{925F59F6-1235-4FEF-8FFD-0A75C1A433C5}"
EndProject
Project("{FAE04EC0-301F-11D3-BF4B-00C04F79EFBC}") = "ObjectInitializers", "ObjectInitializers\ObjectInitializers.csproj", "{3EE0685D-C0D1-4BF3-BB75-7A8CF04B75FD}"
EndProject
Project("{FAE04EC0-301F-11D3-BF4B-00C04F79EFBC}") = "ConstData", "ConstData\ConstData.csproj", "{2521DB39-E557-49BF-91E9-24E27063000B}"
EndProject
Project("{FAE04EC0-301F-11D3-BF4B-00C04F79EFBC}") = "FunWithPartials", "FunWithPartials\FunWithPartials.csproj", "{D8268777-CB26-4A5F-95E8-6EFB6F0EC4AF}"
EndProject
Project("{FAE04EC0-301F-11D3-BF4B-00C04F79EFBC}") = "WorkWithRecords", "WorkWithRecords\WorkWithRecords.csproj", "{33877D1A-E270-4AB1-9647-F75C75FC2131}"
EndProject
Project("{FAE04EC0-301F-11D3-BF4B-00C04F79EFBC}") = "WorkWithRecordStructs", "WorkWithRecordStructs\WorkWithRecordStructs.csproj", "{557E6AD1-3318-4525-B5BC-A585DA5A85DC}"
EndProject
Global
	GlobalSection(SolutionConfigurationPlatforms) = preSolution
		Debug|Any CPU = Debug|Any CPU
		Release|Any CPU = Release|Any CPU
	EndGlobalSection
	GlobalSection(ProjectConfigurationPlatforms) = postSolution
		{3CB62449-843A-4923-8A56-A9595E8ED82B}.Debug|Any CPU.ActiveCfg = Debug|Any CPU
		{3CB62449-843A-4923-8A56-A9595E8ED82B}.Debug|Any CPU.Build.0 = Debug|Any CPU
		{3CB62449-843A-4923-8A56-A9595E8ED82B}.Release|Any CPU.ActiveCfg = Release|Any CPU
		{3CB62449-843A-4923-8A56-A9595E8ED82B}.Release|Any CPU.Build.0 = Release|Any CPU
		{D833F91A-6A7C-44FC-9832-05FC30424D20}.Debug|Any CPU.ActiveCfg = Debug|Any CPU
		{D833F91A-6A7C-44FC-9832-05FC30424D20}.Debug|Any CPU.Build.0 = Debug|Any CPU
		{D833F91A-6A7C-44FC-9832-05FC30424D20}.Release|Any CPU.ActiveCfg = Release|Any CPU
		{D833F91A-6A7C-44FC-9832-05FC30424D20}.Release|Any CPU.Build.0 = Release|Any CPU
		{E33F3020-8914-4DFC-B628-EC8BA064BF58}.Debug|Any CPU.ActiveCfg = Debug|Any CPU
		{E33F3020-8914-4DFC-B628-EC8BA064BF58}.Debug|Any CPU.Build.0 = Debug|Any CPU
		{E33F3020-8914-4DFC-B628-EC8BA064BF58}.Release|Any CPU.ActiveCfg = Release|Any CPU
		{E33F3020-8914-4DFC-B628-EC8BA064BF58}.Release|Any CPU.Build.0 = Release|Any CPU
		{D6225A42-C7E2-41E2-8371-EBBA59BE7079}.Debug|Any CPU.ActiveCfg = Debug|Any CPU
		{D6225A42-C7E2-41E2-8371-EBBA59BE7079}.Debug|Any CPU.Build.0 = Debug|Any CPU
		{D6225A42-C7E2-41E2-8371-EBBA59BE7079}.Release|Any CPU.ActiveCfg = Release|Any CPU
		{D6225A42-C7E2-41E2-8371-EBBA59BE7079}.Release|Any CPU.Build.0 = Release|Any CPU
		{925F59F6-1235-4FEF-8FFD-0A75C1A433C5}.Debug|Any CPU.ActiveCfg = Debug|Any CPU
		{925F59F6-1235-4FEF-8FFD-0A75C1A433C5}.Debug|Any CPU.Build.0 = Debug|Any CPU
		{925F59F6-1235-4FEF-8FFD-0A75C1A433C5}.Release|Any CPU.ActiveCfg = Release|Any CPU
		{925F59F6-1235-4FEF-8FFD-0A75C1A433C5}.Release|Any CPU.Build.0 = Release|Any CPU
		{3EE0685D-C0D1-4BF3-BB75-7A8CF04B75FD}.Debug|Any CPU.ActiveCfg = Debug|Any CPU
		{3EE0685D-C0D1-4BF3-BB75-7A8CF04B75FD}.Debug|Any CPU.Build.0 = Debug|Any CPU
		{3EE0685D-C0D1-4BF3-BB75-7A8CF04B75FD}.Release|Any CPU.ActiveCfg = Release|Any CPU
		{3EE0685D-C0D1-4BF3-BB75-7A8CF04B75FD}.Release|Any CPU.Build.0 = Release|Any CPU
		{2521DB39-E557-49BF-91E9-24E27063000B}.Debug|Any CPU.ActiveCfg = Debug|Any CPU
		{2521DB39-E557-49BF-91E9-24E27063000B}.Debug|Any CPU.Build.0 = Debug|Any CPU
		{2521DB39-E557-49BF-91E9-24E27063000B}.Release|Any CPU.ActiveCfg = Release|Any CPU
		{2521DB39-E557-49BF-91E9-24E27063000B}.Release|Any CPU.Build.0 = Release|Any CPU
		{D8268777-CB26-4A5F-95E8-6EFB6F0EC4AF}.Debug|Any CPU.ActiveCfg = Debug|Any CPU
		{D8268777-CB26-4A5F-95E8-6EFB6F0EC4AF}.Debug|Any CPU.Build.0 = Debug|Any CPU
		{D8268777-CB26-4A5F-95E8-6EFB6F0EC4AF}.Release|Any CPU.ActiveCfg = Release|Any CPU
		{D8268777-CB26-4A5F-95E8-6EFB6F0EC4AF}.Release|Any CPU.Build.0 = Release|Any CPU
		{33877D1A-E270-4AB1-9647-F75C75FC2131}.Debug|Any CPU.ActiveCfg = Debug|Any CPU
		{33877D1A-E270-4AB1-9647-F75C75FC2131}.Debug|Any CPU.Build.0 = Debug|Any CPU
		{33877D1A-E270-4AB1-9647-F75C75FC2131}.Release|Any CPU.ActiveCfg = Release|Any CPU
		{33877D1A-E270-4AB1-9647-F75C75FC2131}.Release|Any CPU.Build.0 = Release|Any CPU
		{557E6AD1-3318-4525-B5BC-A585DA5A85DC}.Debug|Any CPU.ActiveCfg = Debug|Any CPU
		{557E6AD1-3318-4525-B5BC-A585DA5A85DC}.Debug|Any CPU.Build.0 = Debug|Any CPU
		{557E6AD1-3318-4525-B5BC-A585DA5A85DC}.Release|Any CPU.ActiveCfg = Release|Any CPU
		{557E6AD1-3318-4525-B5BC-A585DA5A85DC}.Release|Any CPU.Build.0 = Release|Any CPU
	EndGlobalSection
	GlobalSection(SolutionProperties) = preSolution
		HideSolutionNode = FALSE
	EndGlobalSection
EndGlobal
