
Microsoft Visual Studio Solution File, Format Version 12.00
# Visual Studio Version 17
VisualStudioVersion = 17.7.34031.279
MinimumVisualStudioVersion = 10.0.40219.1
Project("{9A19103F-16F7-4668-BE54-9A1E7A4F7556}") = "FeaturesForLINQ", "FeaturesForLINQ\FeaturesForLINQ.csproj", "{7CA2F598-C3E1-4DB4-A346-BB89FE2C97A5}"
EndProject
Project("{9A19103F-16F7-4668-BE54-9A1E7A4F7556}") = "LinqOverArray", "LinqOverArray\LinqOverArray.csproj", "{E39B9BD9-DC85-49FF-9E30-131FE3CACDBF}"
EndProject
Project("{9A19103F-16F7-4668-BE54-9A1E7A4F7556}") = "LinqOverCollections", "LinqOverCollections\LinqOverCollections.csproj", "{F2DEB406-A2C4-4A97-89DE-6860500F8DA4}"
EndProject
Project("{FAE04EC0-301F-11D3-BF4B-00C04F79EFBC}") = "LinqExpressions", "LinqExpressions\LinqExpressions.csproj", "{ED197384-7D6E-4B93-AA2D-E815AF34B8F4}"
EndProject
Global
	GlobalSection(SolutionConfigurationPlatforms) = preSolution
		Debug|Any CPU = Debug|Any CPU
		Release|Any CPU = Release|Any CPU
	EndGlobalSection
	GlobalSection(ProjectConfigurationPlatforms) = postSolution
		{7CA2F598-C3E1-4DB4-A346-BB89FE2C97A5}.Debug|Any CPU.ActiveCfg = Debug|Any CPU
		{7CA2F598-C3E1-4DB4-A346-BB89FE2C97A5}.Debug|Any CPU.Build.0 = Debug|Any CPU
		{7CA2F598-C3E1-4DB4-A346-BB89FE2C97A5}.Release|Any CPU.ActiveCfg = Release|Any CPU
		{7CA2F598-C3E1-4DB4-A346-BB89FE2C97A5}.Release|Any CPU.Build.0 = Release|Any CPU
		{E39B9BD9-DC85-49FF-9E30-131FE3CACDBF}.Debug|Any CPU.ActiveCfg = Debug|Any CPU
		{E39B9BD9-DC85-49FF-9E30-131FE3CACDBF}.Debug|Any CPU.Build.0 = Debug|Any CPU
		{E39B9BD9-DC85-49FF-9E30-131FE3CACDBF}.Release|Any CPU.ActiveCfg = Release|Any CPU
		{E39B9BD9-DC85-49FF-9E30-131FE3CACDBF}.Release|Any CPU.Build.0 = Release|Any CPU
		{F2DEB406-A2C4-4A97-89DE-6860500F8DA4}.Debug|Any CPU.ActiveCfg = Debug|Any CPU
		{F2DEB406-A2C4-4A97-89DE-6860500F8DA4}.Debug|Any CPU.Build.0 = Debug|Any CPU
		{F2DEB406-A2C4-4A97-89DE-6860500F8DA4}.Release|Any CPU.ActiveCfg = Release|Any CPU
		{F2DEB406-A2C4-4A97-89DE-6860500F8DA4}.Release|Any CPU.Build.0 = Release|Any CPU
		{ED197384-7D6E-4B93-AA2D-E815AF34B8F4}.Debug|Any CPU.ActiveCfg = Debug|Any CPU
		{ED197384-7D6E-4B93-AA2D-E815AF34B8F4}.Debug|Any CPU.Build.0 = Debug|Any CPU
		{ED197384-7D6E-4B93-AA2D-E815AF34B8F4}.Release|Any CPU.ActiveCfg = Release|Any CPU
		{ED197384-7D6E-4B93-AA2D-E815AF34B8F4}.Release|Any CPU.Build.0 = Release|Any CPU
	EndGlobalSection
	GlobalSection(SolutionProperties) = preSolution
		HideSolutionNode = FALSE
	EndGlobalSection
	GlobalSection(ExtensibilityGlobals) = postSolution
		SolutionGuid = {D3708B05-1E4E-426B-B082-C6A1C3A76DFD}
	EndGlobalSection
EndGlobal
