
Microsoft Visual Studio Solution File, Format Version 12.00
# Visual Studio Version 17
VisualStudioVersion = 17.8.34511.84
MinimumVisualStudioVersion = 10.0.40219.1
Project("{FAE04EC0-301F-11D3-BF4B-00C04F79EFBC}") = "PictureHandlerWithAsyncAwait", "PictureHandlerWithAsyncAwait\PictureHandlerWithAsyncAwait.csproj", "{3512C382-D85C-4778-993B-313F5FE353F6}"
EndProject
Global
	GlobalSection(SolutionConfigurationPlatforms) = preSolution
		Debug|Any CPU = Debug|Any CPU
		Release|Any CPU = Release|Any CPU
	EndGlobalSection
	GlobalSection(ProjectConfigurationPlatforms) = postSolution
		{3512C382-D85C-4778-993B-313F5FE353F6}.Debug|Any CPU.ActiveCfg = Debug|Any CPU
		{3512C382-D85C-4778-993B-313F5FE353F6}.Debug|Any CPU.Build.0 = Debug|Any CPU
		{3512C382-D85C-4778-993B-313F5FE353F6}.Release|Any CPU.ActiveCfg = Release|Any CPU
		{3512C382-D85C-4778-993B-313F5FE353F6}.Release|Any CPU.Build.0 = Release|Any CPU
	EndGlobalSection
	GlobalSection(SolutionProperties) = preSolution
		HideSolutionNode = FALSE
	EndGlobalSection
	GlobalSection(ExtensibilityGlobals) = postSolution
		SolutionGuid = {6907C5B8-FB5A-4648-81DB-871065C88E35}
	EndGlobalSection
EndGlobal
