
Microsoft Visual Studio Solution File, Format Version 12.00
# Visual Studio Version 17
VisualStudioVersion = 17.0.31903.59
MinimumVisualStudioVersion = 10.0.40219.1
Project("{FAE04EC0-301F-11D3-BF4B-00C04F79EFBC}") = "AutoLot.Models", "AutoLot.Models\AutoLot.Models.csproj", "{AD2FF4A4-DFCC-4C1C-89A5-05E7BC50092E}"
EndProject
Project("{FAE04EC0-301F-11D3-BF4B-00C04F79EFBC}") = "AutoLot.Dal", "AutoLot.Dal\AutoLot.Dal.csproj", "{F7BDC656-7256-49C3-8A18-D22DC8EF3CA6}"
EndProject
Project("{FAE04EC0-301F-11D3-BF4B-00C04F79EFBC}") = "SimpleTest", "SimpleTest\SimpleTest.csproj", "{2E4D7D6D-AF48-4F9A-92BF-C6465A62D151}"
EndProject
Global
	GlobalSection(SolutionConfigurationPlatforms) = preSolution
		Debug|Any CPU = Debug|Any CPU
		Debug|x64 = Debug|x64
		Debug|x86 = Debug|x86
		Release|Any CPU = Release|Any CPU
		Release|x64 = Release|x64
		Release|x86 = Release|x86
	EndGlobalSection
	GlobalSection(ProjectConfigurationPlatforms) = postSolution
		{AD2FF4A4-DFCC-4C1C-89A5-05E7BC50092E}.Debug|Any CPU.ActiveCfg = Debug|Any CPU
		{AD2FF4A4-DFCC-4C1C-89A5-05E7BC50092E}.Debug|Any CPU.Build.0 = Debug|Any CPU
		{AD2FF4A4-DFCC-4C1C-89A5-05E7BC50092E}.Debug|x64.ActiveCfg = Debug|Any CPU
		{AD2FF4A4-DFCC-4C1C-89A5-05E7BC50092E}.Debug|x64.Build.0 = Debug|Any CPU
		{AD2FF4A4-DFCC-4C1C-89A5-05E7BC50092E}.Debug|x86.ActiveCfg = Debug|Any CPU
		{AD2FF4A4-DFCC-4C1C-89A5-05E7BC50092E}.Debug|x86.Build.0 = Debug|Any CPU
		{AD2FF4A4-DFCC-4C1C-89A5-05E7BC50092E}.Release|Any CPU.ActiveCfg = Release|Any CPU
		{AD2FF4A4-DFCC-4C1C-89A5-05E7BC50092E}.Release|Any CPU.Build.0 = Release|Any CPU
		{AD2FF4A4-DFCC-4C1C-89A5-05E7BC50092E}.Release|x64.ActiveCfg = Release|Any CPU
		{AD2FF4A4-DFCC-4C1C-89A5-05E7BC50092E}.Release|x64.Build.0 = Release|Any CPU
		{AD2FF4A4-DFCC-4C1C-89A5-05E7BC50092E}.Release|x86.ActiveCfg = Release|Any CPU
		{AD2FF4A4-DFCC-4C1C-89A5-05E7BC50092E}.Release|x86.Build.0 = Release|Any CPU
		{F7BDC656-7256-49C3-8A18-D22DC8EF3CA6}.Debug|Any CPU.ActiveCfg = Debug|Any CPU
		{F7BDC656-7256-49C3-8A18-D22DC8EF3CA6}.Debug|Any CPU.Build.0 = Debug|Any CPU
		{F7BDC656-7256-49C3-8A18-D22DC8EF3CA6}.Debug|x64.ActiveCfg = Debug|Any CPU
		{F7BDC656-7256-49C3-8A18-D22DC8EF3CA6}.Debug|x64.Build.0 = Debug|Any CPU
		{F7BDC656-7256-49C3-8A18-D22DC8EF3CA6}.Debug|x86.ActiveCfg = Debug|Any CPU
		{F7BDC656-7256-49C3-8A18-D22DC8EF3CA6}.Debug|x86.Build.0 = Debug|Any CPU
		{F7BDC656-7256-49C3-8A18-D22DC8EF3CA6}.Release|Any CPU.ActiveCfg = Release|Any CPU
		{F7BDC656-7256-49C3-8A18-D22DC8EF3CA6}.Release|Any CPU.Build.0 = Release|Any CPU
		{F7BDC656-7256-49C3-8A18-D22DC8EF3CA6}.Release|x64.ActiveCfg = Release|Any CPU
		{F7BDC656-7256-49C3-8A18-D22DC8EF3CA6}.Release|x64.Build.0 = Release|Any CPU
		{F7BDC656-7256-49C3-8A18-D22DC8EF3CA6}.Release|x86.ActiveCfg = Release|Any CPU
		{F7BDC656-7256-49C3-8A18-D22DC8EF3CA6}.Release|x86.Build.0 = Release|Any CPU
		{2E4D7D6D-AF48-4F9A-92BF-C6465A62D151}.Debug|Any CPU.ActiveCfg = Debug|Any CPU
		{2E4D7D6D-AF48-4F9A-92BF-C6465A62D151}.Debug|Any CPU.Build.0 = Debug|Any CPU
		{2E4D7D6D-AF48-4F9A-92BF-C6465A62D151}.Debug|x64.ActiveCfg = Debug|Any CPU
		{2E4D7D6D-AF48-4F9A-92BF-C6465A62D151}.Debug|x64.Build.0 = Debug|Any CPU
		{2E4D7D6D-AF48-4F9A-92BF-C6465A62D151}.Debug|x86.ActiveCfg = Debug|Any CPU
		{2E4D7D6D-AF48-4F9A-92BF-C6465A62D151}.Debug|x86.Build.0 = Debug|Any CPU
		{2E4D7D6D-AF48-4F9A-92BF-C6465A62D151}.Release|Any CPU.ActiveCfg = Release|Any CPU
		{2E4D7D6D-AF48-4F9A-92BF-C6465A62D151}.Release|Any CPU.Build.0 = Release|Any CPU
		{2E4D7D6D-AF48-4F9A-92BF-C6465A62D151}.Release|x64.ActiveCfg = Release|Any CPU
		{2E4D7D6D-AF48-4F9A-92BF-C6465A62D151}.Release|x64.Build.0 = Release|Any CPU
		{2E4D7D6D-AF48-4F9A-92BF-C6465A62D151}.Release|x86.ActiveCfg = Release|Any CPU
		{2E4D7D6D-AF48-4F9A-92BF-C6465A62D151}.Release|x86.Build.0 = Release|Any CPU
	EndGlobalSection
	GlobalSection(SolutionProperties) = preSolution
		HideSolutionNode = FALSE
	EndGlobalSection
	GlobalSection(ExtensibilityGlobals) = postSolution
		SolutionGuid = {19349707-ED0A-43AE-B7A4-82369BDB34C2}
	EndGlobalSection
EndGlobal
