
Microsoft Visual Studio Solution File, Format Version 12.00
# Visual Studio Version 17
VisualStudioVersion = 17.6.33829.357
MinimumVisualStudioVersion = 10.0.40219.1
Project("{FAE04EC0-301F-11D3-BF4B-00C04F79EFBC}") = "AnonymousTypes", "AnonymousTypes\AnonymousTypes.csproj", "{46F9526A-6C2D-46E6-A04D-40F72FDE6E2C}"
EndProject
Global
	GlobalSection(SolutionConfigurationPlatforms) = preSolution
		Debug|Any CPU = Debug|Any CPU
		Release|Any CPU = Release|Any CPU
	EndGlobalSection
	GlobalSection(ProjectConfigurationPlatforms) = postSolution
		{46F9526A-6C2D-46E6-A04D-40F72FDE6E2C}.Debug|Any CPU.ActiveCfg = Debug|Any CPU
		{46F9526A-6C2D-46E6-A04D-40F72FDE6E2C}.Debug|Any CPU.Build.0 = Debug|Any CPU
		{46F9526A-6C2D-46E6-A04D-40F72FDE6E2C}.Release|Any CPU.ActiveCfg = Release|Any CPU
		{46F9526A-6C2D-46E6-A04D-40F72FDE6E2C}.Release|Any CPU.Build.0 = Release|Any CPU
	EndGlobalSection
	GlobalSection(SolutionProperties) = preSolution
		HideSolutionNode = FALSE
	EndGlobalSection
	GlobalSection(ExtensibilityGlobals) = postSolution
		SolutionGuid = {C9E0130B-2869-40E8-96EC-438CAEFD1A68}
	EndGlobalSection
EndGlobal
