
Microsoft Visual Studio Solution File, Format Version 12.00
# Visual Studio Version 17
VisualStudioVersion = 17.12.35728.132 d17.12
MinimumVisualStudioVersion = 10.0.40219.1
Project("{FAE04EC0-301F-11D3-BF4B-00C04F79EFBC}") = "MyApp", "MyApp.csproj", "{A618CAD0-3D95-4D24-9B0F-2DC5CA01B950}"
EndProject
Project("{FAE04EC0-301F-11D3-BF4B-00C04F79EFBC}") = "UnderstandingTheSyntaxOfXAML", "..\UnderstandingTheSyntaxOfXAML\UnderstandingTheSyntaxOfXAML.csproj", "{66F18344-F25D-4BA5-BADC-3E730524A681}"
EndProject
Project("{FAE04EC0-301F-11D3-BF4B-00C04F79EFBC}") = "WpfTesterApp", "..\WpfTesterApp\WpfTesterApp.csproj", "{2A827D4F-4871-4246-9972-3F5C5FFFE7F0}"
EndProject
Global
	GlobalSection(SolutionConfigurationPlatforms) = preSolution
		Debug|Any CPU = Debug|Any CPU
		Release|Any CPU = Release|Any CPU
	EndGlobalSection
	GlobalSection(ProjectConfigurationPlatforms) = postSolution
		{A618CAD0-3D95-4D24-9B0F-2DC5CA01B950}.Debug|Any CPU.ActiveCfg = Debug|Any CPU
		{A618CAD0-3D95-4D24-9B0F-2DC5CA01B950}.Debug|Any CPU.Build.0 = Debug|Any CPU
		{A618CAD0-3D95-4D24-9B0F-2DC5CA01B950}.Release|Any CPU.ActiveCfg = Release|Any CPU
		{A618CAD0-3D95-4D24-9B0F-2DC5CA01B950}.Release|Any CPU.Build.0 = Release|Any CPU
		{66F18344-F25D-4BA5-BADC-3E730524A681}.Debug|Any CPU.ActiveCfg = Debug|Any CPU
		{66F18344-F25D-4BA5-BADC-3E730524A681}.Debug|Any CPU.Build.0 = Debug|Any CPU
		{66F18344-F25D-4BA5-BADC-3E730524A681}.Release|Any CPU.ActiveCfg = Release|Any CPU
		{66F18344-F25D-4BA5-BADC-3E730524A681}.Release|Any CPU.Build.0 = Release|Any CPU
		{2A827D4F-4871-4246-9972-3F5C5FFFE7F0}.Debug|Any CPU.ActiveCfg = Debug|Any CPU
		{2A827D4F-4871-4246-9972-3F5C5FFFE7F0}.Debug|Any CPU.Build.0 = Debug|Any CPU
		{2A827D4F-4871-4246-9972-3F5C5FFFE7F0}.Release|Any CPU.ActiveCfg = Release|Any CPU
		{2A827D4F-4871-4246-9972-3F5C5FFFE7F0}.Release|Any CPU.Build.0 = Release|Any CPU
	EndGlobalSection
	GlobalSection(SolutionProperties) = preSolution
		HideSolutionNode = FALSE
	EndGlobalSection
EndGlobal
