
Microsoft Visual Studio Solution File, Format Version 12.00
# Visual Studio Version 17
VisualStudioVersion = 17.6.33723.286
MinimumVisualStudioVersion = 10.0.40219.1
Project("{FAE04EC0-301F-11D3-BF4B-00C04F79EFBC}") = "Inheritance", "Inheritance\Inheritance.csproj", "{CFC06019-115D-4833-BE57-B5A25CD14CCC}"
EndProject
Global
	GlobalSection(SolutionConfigurationPlatforms) = preSolution
		Debug|Any CPU = Debug|Any CPU
		Release|Any CPU = Release|Any CPU
	EndGlobalSection
	GlobalSection(ProjectConfigurationPlatforms) = postSolution
		{CFC06019-115D-4833-BE57-B5A25CD14CCC}.Debug|Any CPU.ActiveCfg = Debug|Any CPU
		{CFC06019-115D-4833-BE57-B5A25CD14CCC}.Debug|Any CPU.Build.0 = Debug|Any CPU
		{CFC06019-115D-4833-BE57-B5A25CD14CCC}.Release|Any CPU.ActiveCfg = Release|Any CPU
		{CFC06019-115D-4833-BE57-B5A25CD14CCC}.Release|Any CPU.Build.0 = Release|Any CPU
	EndGlobalSection
	GlobalSection(SolutionProperties) = preSolution
		HideSolutionNode = FALSE
	EndGlobalSection
	GlobalSection(ExtensibilityGlobals) = postSolution
		SolutionGuid = {2D1BB3F6-1907-47D8-B162-ADF5019F4297}
	EndGlobalSection
EndGlobal
