
Microsoft Visual Studio Solution File, Format Version 12.00
# Visual Studio Version 17
VisualStudioVersion = 17.0.31903.59
MinimumVisualStudioVersion = 10.0.40219.1
Project("{FAE04EC0-301F-11D3-BF4B-00C04F79EFBC}") = "AutoLot.Dal.Tests", "AutoLot.Dal.Tests\AutoLot.Dal.Tests.csproj", "{1FB20B00-8F80-4140-A14E-C28970D48B7B}"
EndProject
Project("{FAE04EC0-301F-11D3-BF4B-00C04F79EFBC}") = "AutoLot.Dal", "..\AutoLotSolution\AutoLot.Dal\AutoLot.Dal.csproj", "{09A0345D-8F4E-454C-B3AF-94DC9D995948}"
EndProject
Project("{FAE04EC0-301F-11D3-BF4B-00C04F79EFBC}") = "AutoLot.Models", "..\AutoLotSolution\AutoLot.Models\AutoLot.Models.csproj", "{A8939E62-EDF6-4D5E-A386-C5F971F277D2}"
EndProject
Global
	GlobalSection(SolutionConfigurationPlatforms) = preSolution
		Debug|Any CPU = Debug|Any CPU
		Debug|x64 = Debug|x64
		Debug|x86 = Debug|x86
		Release|Any CPU = Release|Any CPU
		Release|x64 = Release|x64
		Release|x86 = Release|x86
	EndGlobalSection
	GlobalSection(ProjectConfigurationPlatforms) = postSolution
		{1FB20B00-8F80-4140-A14E-C28970D48B7B}.Debug|Any CPU.ActiveCfg = Debug|Any CPU
		{1FB20B00-8F80-4140-A14E-C28970D48B7B}.Debug|Any CPU.Build.0 = Debug|Any CPU
		{1FB20B00-8F80-4140-A14E-C28970D48B7B}.Debug|x64.ActiveCfg = Debug|Any CPU
		{1FB20B00-8F80-4140-A14E-C28970D48B7B}.Debug|x64.Build.0 = Debug|Any CPU
		{1FB20B00-8F80-4140-A14E-C28970D48B7B}.Debug|x86.ActiveCfg = Debug|Any CPU
		{1FB20B00-8F80-4140-A14E-C28970D48B7B}.Debug|x86.Build.0 = Debug|Any CPU
		{1FB20B00-8F80-4140-A14E-C28970D48B7B}.Release|Any CPU.ActiveCfg = Release|Any CPU
		{1FB20B00-8F80-4140-A14E-C28970D48B7B}.Release|Any CPU.Build.0 = Release|Any CPU
		{1FB20B00-8F80-4140-A14E-C28970D48B7B}.Release|x64.ActiveCfg = Release|Any CPU
		{1FB20B00-8F80-4140-A14E-C28970D48B7B}.Release|x64.Build.0 = Release|Any CPU
		{1FB20B00-8F80-4140-A14E-C28970D48B7B}.Release|x86.ActiveCfg = Release|Any CPU
		{1FB20B00-8F80-4140-A14E-C28970D48B7B}.Release|x86.Build.0 = Release|Any CPU
		{09A0345D-8F4E-454C-B3AF-94DC9D995948}.Debug|Any CPU.ActiveCfg = Debug|Any CPU
		{09A0345D-8F4E-454C-B3AF-94DC9D995948}.Debug|Any CPU.Build.0 = Debug|Any CPU
		{09A0345D-8F4E-454C-B3AF-94DC9D995948}.Debug|x64.ActiveCfg = Debug|Any CPU
		{09A0345D-8F4E-454C-B3AF-94DC9D995948}.Debug|x64.Build.0 = Debug|Any CPU
		{09A0345D-8F4E-454C-B3AF-94DC9D995948}.Debug|x86.ActiveCfg = Debug|Any CPU
		{09A0345D-8F4E-454C-B3AF-94DC9D995948}.Debug|x86.Build.0 = Debug|Any CPU
		{09A0345D-8F4E-454C-B3AF-94DC9D995948}.Release|Any CPU.ActiveCfg = Release|Any CPU
		{09A0345D-8F4E-454C-B3AF-94DC9D995948}.Release|Any CPU.Build.0 = Release|Any CPU
		{09A0345D-8F4E-454C-B3AF-94DC9D995948}.Release|x64.ActiveCfg = Release|Any CPU
		{09A0345D-8F4E-454C-B3AF-94DC9D995948}.Release|x64.Build.0 = Release|Any CPU
		{09A0345D-8F4E-454C-B3AF-94DC9D995948}.Release|x86.ActiveCfg = Release|Any CPU
		{09A0345D-8F4E-454C-B3AF-94DC9D995948}.Release|x86.Build.0 = Release|Any CPU
		{A8939E62-EDF6-4D5E-A386-C5F971F277D2}.Debug|Any CPU.ActiveCfg = Debug|Any CPU
		{A8939E62-EDF6-4D5E-A386-C5F971F277D2}.Debug|Any CPU.Build.0 = Debug|Any CPU
		{A8939E62-EDF6-4D5E-A386-C5F971F277D2}.Debug|x64.ActiveCfg = Debug|Any CPU
		{A8939E62-EDF6-4D5E-A386-C5F971F277D2}.Debug|x64.Build.0 = Debug|Any CPU
		{A8939E62-EDF6-4D5E-A386-C5F971F277D2}.Debug|x86.ActiveCfg = Debug|Any CPU
		{A8939E62-EDF6-4D5E-A386-C5F971F277D2}.Debug|x86.Build.0 = Debug|Any CPU
		{A8939E62-EDF6-4D5E-A386-C5F971F277D2}.Release|Any CPU.ActiveCfg = Release|Any CPU
		{A8939E62-EDF6-4D5E-A386-C5F971F277D2}.Release|Any CPU.Build.0 = Release|Any CPU
		{A8939E62-EDF6-4D5E-A386-C5F971F277D2}.Release|x64.ActiveCfg = Release|Any CPU
		{A8939E62-EDF6-4D5E-A386-C5F971F277D2}.Release|x64.Build.0 = Release|Any CPU
		{A8939E62-EDF6-4D5E-A386-C5F971F277D2}.Release|x86.ActiveCfg = Release|Any CPU
		{A8939E62-EDF6-4D5E-A386-C5F971F277D2}.Release|x86.Build.0 = Release|Any CPU
	EndGlobalSection
	GlobalSection(SolutionProperties) = preSolution
		HideSolutionNode = FALSE
	EndGlobalSection
EndGlobal
