
Microsoft Visual Studio Solution File, Format Version 12.00
# Visual Studio Version 17
VisualStudioVersion = 17.0.31903.59
MinimumVisualStudioVersion = 10.0.40219.1
Project("{FAE04EC0-301F-11D3-BF4B-00C04F79EFBC}") = "AutoLot.Dal.Tests", "AutoLot.Dal.Tests\AutoLot.Dal.Tests.csproj", "{81A3EB6D-46C0-4B44-821E-729B1FDB5096}"
EndProject
Project("{FAE04EC0-301F-11D3-BF4B-00C04F79EFBC}") = "AutoLot.Dal", "..\AutoLotSolution\AutoLot.Dal\AutoLot.Dal.csproj", "{A36E2799-BE7A-4C78-8BC5-76FF71A7C218}"
EndProject
Project("{FAE04EC0-301F-11D3-BF4B-00C04F79EFBC}") = "AutoLot.Models", "..\AutoLotSolution\AutoLot.Models\AutoLot.Models.csproj", "{12E500E7-8A50-4144-8A9E-404A00015441}"
EndProject
Global
	GlobalSection(SolutionConfigurationPlatforms) = preSolution
		Debug|Any CPU = Debug|Any CPU
		Release|Any CPU = Release|Any CPU
	EndGlobalSection
	GlobalSection(SolutionProperties) = preSolution
		HideSolutionNode = FALSE
	EndGlobalSection
	GlobalSection(ProjectConfigurationPlatforms) = postSolution
		{81A3EB6D-46C0-4B44-821E-729B1FDB5096}.Debug|Any CPU.ActiveCfg = Debug|Any CPU
		{81A3EB6D-46C0-4B44-821E-729B1FDB5096}.Debug|Any CPU.Build.0 = Debug|Any CPU
		{81A3EB6D-46C0-4B44-821E-729B1FDB5096}.Release|Any CPU.ActiveCfg = Release|Any CPU
		{81A3EB6D-46C0-4B44-821E-729B1FDB5096}.Release|Any CPU.Build.0 = Release|Any CPU
		{A36E2799-BE7A-4C78-8BC5-76FF71A7C218}.Debug|Any CPU.ActiveCfg = Debug|Any CPU
		{A36E2799-BE7A-4C78-8BC5-76FF71A7C218}.Debug|Any CPU.Build.0 = Debug|Any CPU
		{A36E2799-BE7A-4C78-8BC5-76FF71A7C218}.Release|Any CPU.ActiveCfg = Release|Any CPU
		{A36E2799-BE7A-4C78-8BC5-76FF71A7C218}.Release|Any CPU.Build.0 = Release|Any CPU
		{12E500E7-8A50-4144-8A9E-404A00015441}.Debug|Any CPU.ActiveCfg = Debug|Any CPU
		{12E500E7-8A50-4144-8A9E-404A00015441}.Debug|Any CPU.Build.0 = Debug|Any CPU
		{12E500E7-8A50-4144-8A9E-404A00015441}.Release|Any CPU.ActiveCfg = Release|Any CPU
		{12E500E7-8A50-4144-8A9E-404A00015441}.Release|Any CPU.Build.0 = Release|Any CPU
	EndGlobalSection
EndGlobal
