
Microsoft Visual Studio Solution File, Format Version 12.00
# Visual Studio Version 17
VisualStudioVersion = 17.10.35122.118
MinimumVisualStudioVersion = 10.0.40219.1
Project("{FAE04EC0-301F-11D3-BF4B-00C04F79EFBC}") = "UseSQLite", "UseSQLite\UseSQLite.csproj", "{4E0CD020-2F8D-4307-9FFA-FCF2A248DF7E}"
EndProject
Global
	GlobalSection(SolutionConfigurationPlatforms) = preSolution
		Debug|Any CPU = Debug|Any CPU
		Release|Any CPU = Release|Any CPU
	EndGlobalSection
	GlobalSection(ProjectConfigurationPlatforms) = postSolution
		{4E0CD020-2F8D-4307-9FFA-FCF2A248DF7E}.Debug|Any CPU.ActiveCfg = Debug|Any CPU
		{4E0CD020-2F8D-4307-9FFA-FCF2A248DF7E}.Debug|Any CPU.Build.0 = Debug|Any CPU
		{4E0CD020-2F8D-4307-9FFA-FCF2A248DF7E}.Release|Any CPU.ActiveCfg = Release|Any CPU
		{4E0CD020-2F8D-4307-9FFA-FCF2A248DF7E}.Release|Any CPU.Build.0 = Release|Any CPU
	EndGlobalSection
	GlobalSection(SolutionProperties) = preSolution
		HideSolutionNode = FALSE
	EndGlobalSection
	GlobalSection(ExtensibilityGlobals) = postSolution
		SolutionGuid = {EB7BE3EA-35D9-4E02-A311-842024FAB247}
	EndGlobalSection
EndGlobal
