
Microsoft Visual Studio Solution File, Format Version 12.00
# Visual Studio Version 17
VisualStudioVersion = 17.9.34616.47
MinimumVisualStudioVersion = 10.0.40219.1
Project("{FAE04EC0-301F-11D3-BF4B-00C04F79EFBC}") = "AttributedCarLibrary", "AttributedCarLibrary\AttributedCarLibrary.csproj", "{48288B92-4970-47E5-9B23-F19941DD4704}"
EndProject
Global
	GlobalSection(SolutionConfigurationPlatforms) = preSolution
		Debug|Any CPU = Debug|Any CPU
		Release|Any CPU = Release|Any CPU
	EndGlobalSection
	GlobalSection(ProjectConfigurationPlatforms) = postSolution
		{48288B92-4970-47E5-9B23-F19941DD4704}.Debug|Any CPU.ActiveCfg = Debug|Any CPU
		{48288B92-4970-47E5-9B23-F19941DD4704}.Debug|Any CPU.Build.0 = Debug|Any CPU
		{48288B92-4970-47E5-9B23-F19941DD4704}.Release|Any CPU.ActiveCfg = Release|Any CPU
		{48288B92-4970-47E5-9B23-F19941DD4704}.Release|Any CPU.Build.0 = Release|Any CPU
	EndGlobalSection
	GlobalSection(SolutionProperties) = preSolution
		HideSolutionNode = FALSE
	EndGlobalSection
	GlobalSection(ExtensibilityGlobals) = postSolution
		SolutionGuid = {82A81F03-0101-4F99-A2EF-4E2DC390B9C7}
	EndGlobalSection
EndGlobal
