
Microsoft Visual Studio Solution File, Format Version 12.00
# Visual Studio Version 17
VisualStudioVersion = 17.13.36105.23 d17.13
MinimumVisualStudioVersion = 10.0.40219.1
Project("{FAE04EC0-301F-11D3-BF4B-00C04F79EFBC}") = "PictureHandlerWithAsyncAwait", "PictureHandlerWithAsyncAwait\PictureHandlerWithAsyncAwait.csproj", "{1CB7422A-5855-4855-A374-167D3A684849}"
EndProject
Global
	GlobalSection(SolutionConfigurationPlatforms) = preSolution
		Debug|Any CPU = Debug|Any CPU
		Release|Any CPU = Release|Any CPU
	EndGlobalSection
	GlobalSection(ProjectConfigurationPlatforms) = postSolution
		{1CB7422A-5855-4855-A374-167D3A684849}.Debug|Any CPU.ActiveCfg = Debug|Any CPU
		{1CB7422A-5855-4855-A374-167D3A684849}.Debug|Any CPU.Build.0 = Debug|Any CPU
		{1CB7422A-5855-4855-A374-167D3A684849}.Release|Any CPU.ActiveCfg = Release|Any CPU
		{1CB7422A-5855-4855-A374-167D3A684849}.Release|Any CPU.Build.0 = Release|Any CPU
	EndGlobalSection
	GlobalSection(SolutionProperties) = preSolution
		HideSolutionNode = FALSE
	EndGlobalSection
	GlobalSection(ExtensibilityGlobals) = postSolution
		SolutionGuid = {BF46674E-7C3F-4AF4-BAF0-DCB7470AA97B}
	EndGlobalSection
EndGlobal
