
Microsoft Visual Studio Solution File, Format Version 12.00
# Visual Studio Version 17
VisualStudioVersion = 17.9.34728.123
MinimumVisualStudioVersion = 10.0.40219.1
Project("{FAE04EC0-301F-11D3-BF4B-00C04F79EFBC}") = "SimpleSerialization", "SimpleSerialization\SimpleSerialization.csproj", "{ABCC1DDD-CC25-46B1-9D62-6EDF3F8426A5}"
EndProject
Global
	GlobalSection(SolutionConfigurationPlatforms) = preSolution
		Debug|Any CPU = Debug|Any CPU
		Release|Any CPU = Release|Any CPU
	EndGlobalSection
	GlobalSection(ProjectConfigurationPlatforms) = postSolution
		{ABCC1DDD-CC25-46B1-9D62-6EDF3F8426A5}.Debug|Any CPU.ActiveCfg = Debug|Any CPU
		{ABCC1DDD-CC25-46B1-9D62-6EDF3F8426A5}.Debug|Any CPU.Build.0 = Debug|Any CPU
		{ABCC1DDD-CC25-46B1-9D62-6EDF3F8426A5}.Release|Any CPU.ActiveCfg = Release|Any CPU
		{ABCC1DDD-CC25-46B1-9D62-6EDF3F8426A5}.Release|Any CPU.Build.0 = Release|Any CPU
	EndGlobalSection
	GlobalSection(SolutionProperties) = preSolution
		HideSolutionNode = FALSE
	EndGlobalSection
	GlobalSection(ExtensibilityGlobals) = postSolution
		SolutionGuid = {5D9185F5-2167-4740-9F06-0CBA88BDFAE3}
	EndGlobalSection
EndGlobal
