
Microsoft Visual Studio Solution File, Format Version 12.00
# Visual Studio Version 17
VisualStudioVersion = 17.13.35931.197 d17.13
MinimumVisualStudioVersion = 10.0.40219.1
Project("{FAE04EC0-301F-11D3-BF4B-00C04F79EFBC}") = "RenderingWithShapes", "RenderingWithShapes\RenderingWithShapes.csproj", "{F3A65046-AA83-4B31-999A-4F434C6C4EBD}"
EndProject
Global
	GlobalSection(SolutionConfigurationPlatforms) = preSolution
		Debug|Any CPU = Debug|Any CPU
		Release|Any CPU = Release|Any CPU
	EndGlobalSection
	GlobalSection(ProjectConfigurationPlatforms) = postSolution
		{F3A65046-AA83-4B31-999A-4F434C6C4EBD}.Debug|Any CPU.ActiveCfg = Debug|Any CPU
		{F3A65046-AA83-4B31-999A-4F434C6C4EBD}.Debug|Any CPU.Build.0 = Debug|Any CPU
		{F3A65046-AA83-4B31-999A-4F434C6C4EBD}.Release|Any CPU.ActiveCfg = Release|Any CPU
		{F3A65046-AA83-4B31-999A-4F434C6C4EBD}.Release|Any CPU.Build.0 = Release|Any CPU
	EndGlobalSection
	GlobalSection(SolutionProperties) = preSolution
		HideSolutionNode = FALSE
	EndGlobalSection
	GlobalSection(ExtensibilityGlobals) = postSolution
		SolutionGuid = {2597CC03-B4D8-4484-9D2F-506733390464}
	EndGlobalSection
EndGlobal
