
Microsoft Visual Studio Solution File, Format Version 12.00
# Visual Studio Version 17
VisualStudioVersion = 17.0.31903.59
MinimumVisualStudioVersion = 10.0.40219.1
Project("{FAE04EC0-301F-11D3-BF4B-00C04F79EFBC}") = "CarLibrary", "CarLibrary\CarLibrary.csproj", "{16327097-70F7-4201-90FB-504828F28555}"
EndProject
Project("{FAE04EC0-301F-11D3-BF4B-00C04F79EFBC}") = "CarClient", "CarClient\CarClient.csproj", "{DC00E2B7-90D4-4AC5-A5B0-4F242994D56A}"
EndProject
Project("{FAE04EC0-301F-11D3-BF4B-00C04F79EFBC}") = "BigCarClient", "BigCarClient\BigCarClient.csproj", "{71A8F710-35EB-4C4F-BBD2-A56256D513DC}"
EndProject
Global
	GlobalSection(SolutionConfigurationPlatforms) = preSolution
		Debug|Any CPU = Debug|Any CPU
		Release|Any CPU = Release|Any CPU
	EndGlobalSection
	GlobalSection(SolutionProperties) = preSolution
		HideSolutionNode = FALSE
	EndGlobalSection
	GlobalSection(ProjectConfigurationPlatforms) = postSolution
		{16327097-70F7-4201-90FB-504828F28555}.Debug|Any CPU.ActiveCfg = Debug|Any CPU
		{16327097-70F7-4201-90FB-504828F28555}.Debug|Any CPU.Build.0 = Debug|Any CPU
		{16327097-70F7-4201-90FB-504828F28555}.Release|Any CPU.ActiveCfg = Release|Any CPU
		{16327097-70F7-4201-90FB-504828F28555}.Release|Any CPU.Build.0 = Release|Any CPU
		{DC00E2B7-90D4-4AC5-A5B0-4F242994D56A}.Debug|Any CPU.ActiveCfg = Debug|Any CPU
		{DC00E2B7-90D4-4AC5-A5B0-4F242994D56A}.Debug|Any CPU.Build.0 = Debug|Any CPU
		{DC00E2B7-90D4-4AC5-A5B0-4F242994D56A}.Release|Any CPU.ActiveCfg = Release|Any CPU
		{DC00E2B7-90D4-4AC5-A5B0-4F242994D56A}.Release|Any CPU.Build.0 = Release|Any CPU
		{71A8F710-35EB-4C4F-BBD2-A56256D513DC}.Debug|Any CPU.ActiveCfg = Debug|Any CPU
		{71A8F710-35EB-4C4F-BBD2-A56256D513DC}.Debug|Any CPU.Build.0 = Debug|Any CPU
		{71A8F710-35EB-4C4F-BBD2-A56256D513DC}.Release|Any CPU.ActiveCfg = Release|Any CPU
		{71A8F710-35EB-4C4F-BBD2-A56256D513DC}.Release|Any CPU.Build.0 = Release|Any CPU
	EndGlobalSection
EndGlobal
