
Microsoft Visual Studio Solution File, Format Version 12.00
# Visual Studio Version 17
VisualStudioVersion = 17.9.34723.18
MinimumVisualStudioVersion = 10.0.40219.1
Project("{FAE04EC0-301F-11D3-BF4B-00C04F79EFBC}") = "AttributeForValidation", "AttributeForValidation\AttributeForValidation.csproj", "{5E184290-EB59-4A4E-91BE-20F11390ADAF}"
EndProject
Global
	GlobalSection(SolutionConfigurationPlatforms) = preSolution
		Debug|Any CPU = Debug|Any CPU
		Release|Any CPU = Release|Any CPU
	EndGlobalSection
	GlobalSection(ProjectConfigurationPlatforms) = postSolution
		{5E184290-EB59-4A4E-91BE-20F11390ADAF}.Debug|Any CPU.ActiveCfg = Debug|Any CPU
		{5E184290-EB59-4A4E-91BE-20F11390ADAF}.Debug|Any CPU.Build.0 = Debug|Any CPU
		{5E184290-EB59-4A4E-91BE-20F11390ADAF}.Release|Any CPU.ActiveCfg = Release|Any CPU
		{5E184290-EB59-4A4E-91BE-20F11390ADAF}.Release|Any CPU.Build.0 = Release|Any CPU
	EndGlobalSection
	GlobalSection(SolutionProperties) = preSolution
		HideSolutionNode = FALSE
	EndGlobalSection
	GlobalSection(ExtensibilityGlobals) = postSolution
		SolutionGuid = {960526A0-8899-47DE-9360-B26B830FF007}
	EndGlobalSection
EndGlobal
