
Microsoft Visual Studio Solution File, Format Version 12.00
# Visual Studio Version 17
VisualStudioVersion = 17.6.33815.320
MinimumVisualStudioVersion = 10.0.40219.1
Project("{9A19103F-16F7-4668-BE54-9A1E7A4F7556}") = "CustomGenericMethods", "CustomGenericMethods\CustomGenericMethods.csproj", "{4168E5E2-CD72-46C3-9C4D-1DFC844FE141}"
EndProject
Project("{FAE04EC0-301F-11D3-BF4B-00C04F79EFBC}") = "CustomGenericType", "CustomGenericType\CustomGenericType.csproj", "{E2214DDF-9413-4646-8797-D97F53E4080B}"
EndProject
Global
	GlobalSection(SolutionConfigurationPlatforms) = preSolution
		Debug|Any CPU = Debug|Any CPU
		Release|Any CPU = Release|Any CPU
	EndGlobalSection
	GlobalSection(ProjectConfigurationPlatforms) = postSolution
		{4168E5E2-CD72-46C3-9C4D-1DFC844FE141}.Debug|Any CPU.ActiveCfg = Debug|Any CPU
		{4168E5E2-CD72-46C3-9C4D-1DFC844FE141}.Debug|Any CPU.Build.0 = Debug|Any CPU
		{4168E5E2-CD72-46C3-9C4D-1DFC844FE141}.Release|Any CPU.ActiveCfg = Release|Any CPU
		{4168E5E2-CD72-46C3-9C4D-1DFC844FE141}.Release|Any CPU.Build.0 = Release|Any CPU
		{E2214DDF-9413-4646-8797-D97F53E4080B}.Debug|Any CPU.ActiveCfg = Debug|Any CPU
		{E2214DDF-9413-4646-8797-D97F53E4080B}.Debug|Any CPU.Build.0 = Debug|Any CPU
		{E2214DDF-9413-4646-8797-D97F53E4080B}.Release|Any CPU.ActiveCfg = Release|Any CPU
		{E2214DDF-9413-4646-8797-D97F53E4080B}.Release|Any CPU.Build.0 = Release|Any CPU
	EndGlobalSection
	GlobalSection(SolutionProperties) = preSolution
		HideSolutionNode = FALSE
	EndGlobalSection
	GlobalSection(ExtensibilityGlobals) = postSolution
		SolutionGuid = {CD6E5D1B-B933-4BA9-9FBB-D21AE93DE205}
	EndGlobalSection
EndGlobal
