
Microsoft Visual Studio Solution File, Format Version 12.00
# Visual Studio Version 17
VisualStudioVersion = 17.7.34018.315
MinimumVisualStudioVersion = 10.0.40219.1
Project("{9A19103F-16F7-4668-BE54-9A1E7A4F7556}") = "PublicDelegateProblem", "PublicDelegateProblem\PublicDelegateProblem.csproj", "{F547DD7F-A524-46AA-AA4C-5560A7CF9290}"
EndProject
Project("{9A19103F-16F7-4668-BE54-9A1E7A4F7556}") = "CarEvents", "CarEvents\CarEvents.csproj", "{BF987A7E-ADC1-4C54-BB32-4C0C8DDC4EEC}"
EndProject
Project("{9A19103F-16F7-4668-BE54-9A1E7A4F7556}") = "UseEventArgs", "UseEventArgs\UseEventArgs.csproj", "{37E01F79-C28C-4953-B602-9EF533B112E5}"
EndProject
Project("{FAE04EC0-301F-11D3-BF4B-00C04F79EFBC}") = "UseEventHandler", "UseEventHandler\UseEventHandler.csproj", "{13F8DAB1-38FD-43DA-8B24-7E28878F23C5}"
EndProject
Global
	GlobalSection(SolutionConfigurationPlatforms) = preSolution
		Debug|Any CPU = Debug|Any CPU
		Release|Any CPU = Release|Any CPU
	EndGlobalSection
	GlobalSection(ProjectConfigurationPlatforms) = postSolution
		{F547DD7F-A524-46AA-AA4C-5560A7CF9290}.Debug|Any CPU.ActiveCfg = Debug|Any CPU
		{F547DD7F-A524-46AA-AA4C-5560A7CF9290}.Debug|Any CPU.Build.0 = Debug|Any CPU
		{F547DD7F-A524-46AA-AA4C-5560A7CF9290}.Release|Any CPU.ActiveCfg = Release|Any CPU
		{F547DD7F-A524-46AA-AA4C-5560A7CF9290}.Release|Any CPU.Build.0 = Release|Any CPU
		{BF987A7E-ADC1-4C54-BB32-4C0C8DDC4EEC}.Debug|Any CPU.ActiveCfg = Debug|Any CPU
		{BF987A7E-ADC1-4C54-BB32-4C0C8DDC4EEC}.Debug|Any CPU.Build.0 = Debug|Any CPU
		{BF987A7E-ADC1-4C54-BB32-4C0C8DDC4EEC}.Release|Any CPU.ActiveCfg = Release|Any CPU
		{BF987A7E-ADC1-4C54-BB32-4C0C8DDC4EEC}.Release|Any CPU.Build.0 = Release|Any CPU
		{37E01F79-C28C-4953-B602-9EF533B112E5}.Debug|Any CPU.ActiveCfg = Debug|Any CPU
		{37E01F79-C28C-4953-B602-9EF533B112E5}.Debug|Any CPU.Build.0 = Debug|Any CPU
		{37E01F79-C28C-4953-B602-9EF533B112E5}.Release|Any CPU.ActiveCfg = Release|Any CPU
		{37E01F79-C28C-4953-B602-9EF533B112E5}.Release|Any CPU.Build.0 = Release|Any CPU
		{13F8DAB1-38FD-43DA-8B24-7E28878F23C5}.Debug|Any CPU.ActiveCfg = Debug|Any CPU
		{13F8DAB1-38FD-43DA-8B24-7E28878F23C5}.Debug|Any CPU.Build.0 = Debug|Any CPU
		{13F8DAB1-38FD-43DA-8B24-7E28878F23C5}.Release|Any CPU.ActiveCfg = Release|Any CPU
		{13F8DAB1-38FD-43DA-8B24-7E28878F23C5}.Release|Any CPU.Build.0 = Release|Any CPU
	EndGlobalSection
	GlobalSection(SolutionProperties) = preSolution
		HideSolutionNode = FALSE
	EndGlobalSection
	GlobalSection(ExtensibilityGlobals) = postSolution
		SolutionGuid = {01769084-1704-4EB8-9312-0F67E74396A5}
	EndGlobalSection
EndGlobal
